
Microsoft Visual Studio Solution File, Format Version 12.00
# Visual Studio Version 17
VisualStudioVersion = 17.0.31903.59
MinimumVisualStudioVersion = 10.0.40219.1
Project("{FAE04EC0-301F-11D3-BF4B-00C04F79EFBC}") = "WebAPI", "WebAPI\WebAPI.csproj", "{5E30F27A-D65B-4989-8154-692A56675AAB}"
EndProject
Global
	GlobalSection(SolutionConfigurationPlatforms) = preSolution
		Debug|Any CPU = Debug|Any CPU
		Release|Any CPU = Release|Any CPU
	EndGlobalSection
	GlobalSection(ProjectConfigurationPlatforms) = postSolution
		{5E30F27A-D65B-4989-8154-692A56675AAB}.Debug|Any CPU.ActiveCfg = Debug|Any CPU
		{5E30F27A-D65B-4989-8154-692A56675AAB}.Debug|Any CPU.Build.0 = Debug|Any CPU
		{5E30F27A-D65B-4989-8154-692A56675AAB}.Release|Any CPU.ActiveCfg = Release|Any CPU
		{5E30F27A-D65B-4989-8154-692A56675AAB}.Release|Any CPU.Build.0 = Release|Any CPU
	EndGlobalSection
	GlobalSection(SolutionProperties) = preSolution
		HideSolutionNode = FALSE
	EndGlobalSection
	GlobalSection(ExtensibilityGlobals) = postSolution
		SolutionGuid = {19A9B135-57A3-435E-8368-3B4D971A9D59}
	EndGlobalSection
EndGlobal
